
Microsoft Visual Studio Solution File, Format Version 12.00
# Visual Studio Version 17
VisualStudioVersion = 17.4.33213.308
MinimumVisualStudioVersion = 10.0.40219.1
Project("{FAE04EC0-301F-11D3-BF4B-00C04F79EFBC}") = "Train", "Train\Train.csproj", "{1773F19A-1C3B-48CD-AD57-B966CD0D785C}"
EndProject
Global
	GlobalSection(SolutionConfigurationPlatforms) = preSolution
		Debug|Any CPU = Debug|Any CPU
		Release|Any CPU = Release|Any CPU
	EndGlobalSection
	GlobalSection(ProjectConfigurationPlatforms) = postSolution
		{1773F19A-1C3B-48CD-AD57-B966CD0D785C}.Debug|Any CPU.ActiveCfg = Debug|Any CPU
		{1773F19A-1C3B-48CD-AD57-B966CD0D785C}.Debug|Any CPU.Build.0 = Debug|Any CPU
		{1773F19A-1C3B-48CD-AD57-B966CD0D785C}.Release|Any CPU.ActiveCfg = Release|Any CPU
		{1773F19A-1C3B-48CD-AD57-B966CD0D785C}.Release|Any CPU.Build.0 = Release|Any CPU
	EndGlobalSection
	GlobalSection(SolutionProperties) = preSolution
		HideSolutionNode = FALSE
	EndGlobalSection
	GlobalSection(ExtensibilityGlobals) = postSolution
		SolutionGuid = {A548139B-F495-4B9A-931A-B51841F635B3}
	EndGlobalSection
EndGlobal
